// !$*UTF8*$!
{
	archiveVersion = 1;
	classes = {
	};
	objectVersion = 46;
	objects = {

/* Begin PBXBuildFile section */
		D03389D41A89B210005DE18E /* main.m in Sources */ = {isa = PBXBuildFile; fileRef = D03389D31A89B210005DE18E /* main.m */; };
		D03389D71A89B210005DE18E /* AppDelegate.m in Sources */ = {isa = PBXBuildFile; fileRef = D03389D61A89B210005DE18E /* AppDelegate.m */; };
		D03389DA1A89B210005DE18E /* YSLContainerViewController.xcdatamodeld in Sources */ = {isa = PBXBuildFile; fileRef = D03389D81A89B210005DE18E /* YSLContainerViewController.xcdatamodeld */; };
		D03389DD1A89B210005DE18E /* ViewController.m in Sources */ = {isa = PBXBuildFile; fileRef = D03389DC1A89B210005DE18E /* ViewController.m */; };
		D03389E21A89B210005DE18E /* Images.xcassets in Resources */ = {isa = PBXBuildFile; fileRef = D03389E11A89B210005DE18E /* Images.xcassets */; };
		D03389F11A89B210005DE18E /* YSLContainerViewControllerTests.m in Sources */ = {isa = PBXBuildFile; fileRef = D03389F01A89B210005DE18E /* YSLContainerViewControllerTests.m */; };
		D03389FC1A89B3CF005DE18E /* YSLContainerViewController.m in Sources */ = {isa = PBXBuildFile; fileRef = D03389FB1A89B3CF005DE18E /* YSLContainerViewController.m */; };
		D054D7E81AA5C1810088175C /* YSLScrollMenuView.m in Sources */ = {isa = PBXBuildFile; fileRef = D054D7E71AA5C1810088175C /* YSLScrollMenuView.m */; };
/* End PBXBuildFile section */

/* Begin PBXContainerItemProxy section */
		D03389EB1A89B210005DE18E /* PBXContainerItemProxy */ = {
			isa = PBXContainerItemProxy;
			containerPortal = D03389C61A89B210005DE18E /* Project object */;
			proxyType = 1;
			remoteGlobalIDString = D03389CD1A89B210005DE18E;
			remoteInfo = YSLContainerViewController;
		};
/* End PBXContainerItemProxy section */

/* Begin PBXFileReference section */
		D03389CE1A89B210005DE18E /* YSLContainerViewController.app */ = {isa = PBXFileReference; explicitFileType = wrapper.application; includeInIndex = 0; path = YSLContainerViewController.app; sourceTree = BUILT_PRODUCTS_DIR; };
		D03389D21A89B210005DE18E /* Info.plist */ = {isa = PBXFileReference; lastKnownFileType = text.plist.xml; path = Info.plist; sourceTree = "<group>"; };
		D03389D31A89B210005DE18E /* main.m */ = {isa = PBXFileReference; lastKnownFileType = sourcecode.c.objc; path = main.m; sourceTree = "<group>"; };
		D03389D51A89B210005DE18E /* AppDelegate.h */ = {isa = PBXFileReference; lastKnownFileType = sourcecode.c.h; path = AppDelegate.h; sourceTree = "<group>"; };
		D03389D61A89B210005DE18E /* AppDelegate.m */ = {isa = PBXFileReference; lastKnownFileType = sourcecode.c.objc; path = AppDelegate.m; sourceTree = "<group>"; };
		D03389D91A89B210005DE18E /* YSLContainerViewController.xcdatamodel */ = {isa = PBXFileReference; lastKnownFileType = wrapper.xcdatamodel; path = YSLContainerViewController.xcdatamodel; sourceTree = "<group>"; };
		D03389DB1A89B210005DE18E /* ViewController.h */ = {isa = PBXFileReference; lastKnownFileType = sourcecode.c.h; path = ViewController.h; sourceTree = "<group>"; };
		D03389DC1A89B210005DE18E /* ViewController.m */ = {isa = PBXFileReference; lastKnownFileType = sourcecode.c.objc; path = ViewController.m; sourceTree = "<group>"; };
		D03389E11A89B210005DE18E /* Images.xcassets */ = {isa = PBXFileReference; lastKnownFileType = folder.assetcatalog; path = Images.xcassets; sourceTree = "<group>"; };
		D03389EA1A89B210005DE18E /* YSLContainerViewControllerTests.xctest */ = {isa = PBXFileReference; explicitFileType = wrapper.cfbundle; includeInIndex = 0; path = YSLContainerViewControllerTests.xctest; sourceTree = BUILT_PRODUCTS_DIR; };
		D03389EF1A89B210005DE18E /* Info.plist */ = {isa = PBXFileReference; lastKnownFileType = text.plist.xml; path = Info.plist; sourceTree = "<group>"; };
		D03389F01A89B210005DE18E /* YSLContainerViewControllerTests.m */ = {isa = PBXFileReference; lastKnownFileType = sourcecode.c.objc; path = YSLContainerViewControllerTests.m; sourceTree = "<group>"; };
		D03389FA1A89B3CF005DE18E /* YSLContainerViewController.h */ = {isa = PBXFileReference; fileEncoding = 4; lastKnownFileType = sourcecode.c.h; path = YSLContainerViewController.h; sourceTree = "<group>"; };
		D03389FB1A89B3CF005DE18E /* YSLContainerViewController.m */ = {isa = PBXFileReference; fileEncoding = 4; lastKnownFileType = sourcecode.c.objc; path = YSLContainerViewController.m; sourceTree = "<group>"; };
		D054D7E61AA5C1810088175C /* YSLScrollMenuView.h */ = {isa = PBXFileReference; fileEncoding = 4; lastKnownFileType = sourcecode.c.h; path = YSLScrollMenuView.h; sourceTree = "<group>"; };
		D054D7E71AA5C1810088175C /* YSLScrollMenuView.m */ = {isa = PBXFileReference; fileEncoding = 4; lastKnownFileType = sourcecode.c.objc; path = YSLScrollMenuView.m; sourceTree = "<group>"; };
/* End PBXFileReference section */

/* Begin PBXFrameworksBuildPhase section */
		D03389CB1A89B210005DE18E /* Frameworks */ = {
			isa = PBXFrameworksBuildPhase;
			buildActionMask = 2147483647;
			files = (
			);
			runOnlyForDeploymentPostprocessing = 0;
		};
		D03389E71A89B210005DE18E /* Frameworks */ = {
			isa = PBXFrameworksBuildPhase;
			buildActionMask = 2147483647;
			files = (
			);
			runOnlyForDeploymentPostprocessing = 0;
		};
/* End PBXFrameworksBuildPhase section */

/* Begin PBXGroup section */
		D03389C51A89B210005DE18E = {
			isa = PBXGroup;
			children = (
				D03389D01A89B210005DE18E /* YSLContainerViewController */,
				D03389ED1A89B210005DE18E /* YSLContainerViewControllerTests */,
				D03389CF1A89B210005DE18E /* Products */,
			);
			sourceTree = "<group>";
		};
		D03389CF1A89B210005DE18E /* Products */ = {
			isa = PBXGroup;
			children = (
				D03389CE1A89B210005DE18E /* YSLContainerViewController.app */,
				D03389EA1A89B210005DE18E /* YSLContainerViewControllerTests.xctest */,
			);
			name = Products;
			sourceTree = "<group>";
		};
		D03389D01A89B210005DE18E /* YSLContainerViewController */ = {
			isa = PBXGroup;
			children = (
				D03389D51A89B210005DE18E /* AppDelegate.h */,
				D03389D61A89B210005DE18E /* AppDelegate.m */,
				D03389DB1A89B210005DE18E /* ViewController.h */,
				D03389DC1A89B210005DE18E /* ViewController.m */,
				D03389FA1A89B3CF005DE18E /* YSLContainerViewController.h */,
				D03389FB1A89B3CF005DE18E /* YSLContainerViewController.m */,
				D054D7E61AA5C1810088175C /* YSLScrollMenuView.h */,
				D054D7E71AA5C1810088175C /* YSLScrollMenuView.m */,
				D03389E11A89B210005DE18E /* Images.xcassets */,
				D03389D81A89B210005DE18E /* YSLContainerViewController.xcdatamodeld */,
				D03389D11A89B210005DE18E /* Supporting Files */,
			);
			path = YSLContainerViewController;
			sourceTree = "<group>";
		};
		D03389D11A89B210005DE18E /* Supporting Files */ = {
			isa = PBXGroup;
			children = (
				D03389D21A89B210005DE18E /* Info.plist */,
				D03389D31A89B210005DE18E /* main.m */,
			);
			name = "Supporting Files";
			sourceTree = "<group>";
		};
		D03389ED1A89B210005DE18E /* YSLContainerViewControllerTests */ = {
			isa = PBXGroup;
			children = (
				D03389F01A89B210005DE18E /* YSLContainerViewControllerTests.m */,
				D03389EE1A89B210005DE18E /* Supporting Files */,
			);
			path = YSLContainerViewControllerTests;
			sourceTree = "<group>";
		};
		D03389EE1A89B210005DE18E /* Supporting Files */ = {
			isa = PBXGroup;
			children = (
				D03389EF1A89B210005DE18E /* Info.plist */,
			);
			name = "Supporting Files";
			sourceTree = "<group>";
		};
/* End PBXGroup section */

/* Begin PBXNativeTarget section */
		D03389CD1A89B210005DE18E /* YSLContainerViewController */ = {
			isa = PBXNativeTarget;
			buildConfigurationList = D03389F41A89B210005DE18E /* Build configuration list for PBXNativeTarget "YSLContainerViewController" */;
			buildPhases = (
				D03389CA1A89B210005DE18E /* Sources */,
				D03389CB1A89B210005DE18E /* Frameworks */,
				D03389CC1A89B210005DE18E /* Resources */,
			);
			buildRules = (
			);
			dependencies = (
			);
			name = YSLContainerViewController;
			productName = YSLContainerViewController;
			productReference = D03389CE1A89B210005DE18E /* YSLContainerViewController.app */;
			productType = "com.apple.product-type.application";
		};
		D03389E91A89B210005DE18E /* YSLContainerViewControllerTests */ = {
			isa = PBXNativeTarget;
			buildConfigurationList = D03389F71A89B210005DE18E /* Build configuration list for PBXNativeTarget "YSLContainerViewControllerTests" */;
			buildPhases = (
				D03389E61A89B210005DE18E /* Sources */,
				D03389E71A89B210005DE18E /* Frameworks */,
				D03389E81A89B210005DE18E /* Resources */,
			);
			buildRules = (
			);
			dependencies = (
				D03389EC1A89B210005DE18E /* PBXTargetDependency */,
			);
			name = YSLContainerViewControllerTests;
			productName = YSLContainerViewControllerTests;
			productReference = D03389EA1A89B210005DE18E /* YSLContainerViewControllerTests.xctest */;
			productType = "com.apple.product-type.bundle.unit-test";
		};
/* End PBXNativeTarget section */

/* Begin PBXProject section */
		D03389C61A89B210005DE18E /* Project object */ = {
			isa = PBXProject;
			attributes = {
				LastUpgradeCheck = 0610;
				ORGANIZATIONNAME = h.yamaguchi;
				TargetAttributes = {
					D03389CD1A89B210005DE18E = {
						CreatedOnToolsVersion = 6.1;
					};
					D03389E91A89B210005DE18E = {
						CreatedOnToolsVersion = 6.1;
						TestTargetID = D03389CD1A89B210005DE18E;
					};
				};
			};
			buildConfigurationList = D03389C91A89B210005DE18E /* Build configuration list for PBXProject "YSLContainerViewController" */;
			compatibilityVersion = "Xcode 3.2";
			developmentRegion = English;
			hasScannedForEncodings = 0;
			knownRegions = (
				en,
				Base,
			);
			mainGroup = D03389C51A89B210005DE18E;
			productRefGroup = D03389CF1A89B210005DE18E /* Products */;
			projectDirPath = "";
			projectRoot = "";
			targets = (
				D03389CD1A89B210005DE18E /* YSLContainerViewController */,
				D03389E91A89B210005DE18E /* YSLContainerViewControllerTests */,
			);
		};
/* End PBXProject section */

/* Begin PBXResourcesBuildPhase section */
		D03389CC1A89B210005DE18E /* Resources */ = {
			isa = PBXResourcesBuildPhase;
			buildActionMask = 2147483647;
			files = (
				D03389E21A89B210005DE18E /* Images.xcassets in Resources */,
			);
			runOnlyForDeploymentPostprocessing = 0;
		};
		D03389E81A89B210005DE18E /* Resources */ = {
			isa = PBXResourcesBuildPhase;
			buildActionMask = 2147483647;
			files = (
			);
			runOnlyForDeploymentPostprocessing = 0;
		};
/* End PBXResourcesBuildPhase section */

/* Begin PBXSourcesBuildPhase section */
		D03389CA1A89B210005DE18E /* Sources */ = {
			isa = PBXSourcesBuildPhase;
			buildActionMask = 2147483647;
			files = (
				D03389DA1A89B210005DE18E /* YSLContainerViewController.xcdatamodeld in Sources */,
				D03389D71A89B210005DE18E /* AppDelegate.m in Sources */,
				D03389DD1A89B210005DE18E /* ViewController.m in Sources */,
				D054D7E81AA5C1810088175C /* YSLScrollMenuView.m in Sources */,
				D03389D41A89B210005DE18E /* main.m in Sources */,
				D03389FC1A89B3CF005DE18E /* YSLContainerViewController.m in Sources */,
			);
			runOnlyForDeploymentPostprocessing = 0;
		};
		D03389E61A89B210005DE18E /* Sources */ = {
			isa = PBXSourcesBuildPhase;
			buildActionMask = 2147483647;
			files = (
				D03389F11A89B210005DE18E /* YSLContainerViewControllerTests.m in Sources */,
			);
			runOnlyForDeploymentPostprocessing = 0;
		};
/* End PBXSourcesBuildPhase section */

/* Begin PBXTargetDependency section */
		D03389EC1A89B210005DE18E /* PBXTargetDependency */ = {
			isa = PBXTargetDependency;
			target = D03389CD1A89B210005DE18E /* YSLContainerViewController */;
			targetProxy = D03389EB1A89B210005DE18E /* PBXContainerItemProxy */;
		};
/* End PBXTargetDependency section */

/* Begin XCBuildConfiguration section */
		D03389F21A89B210005DE18E /* Debug */ = {
			isa = XCBuildConfiguration;
			buildSettings = {
				ALWAYS_SEARCH_USER_PATHS = NO;
				CLANG_CXX_LANGUAGE_STANDARD = "gnu++0x";
				CLANG_CXX_LIBRARY = "libc++";
				CLANG_ENABLE_MODULES = YES;
				CLANG_ENABLE_OBJC_ARC = YES;
				CLANG_WARN_BOOL_CONVERSION = YES;
				CLANG_WARN_CONSTANT_CONVERSION = YES;
				CLANG_WARN_DIRECT_OBJC_ISA_USAGE = YES_ERROR;
				CLANG_WARN_EMPTY_BODY = YES;
				CLANG_WARN_ENUM_CONVERSION = YES;
				CLANG_WARN_INT_CONVERSION = YES;
				CLANG_WARN_OBJC_ROOT_CLASS = YES_ERROR;
				CLANG_WARN_UNREACHABLE_CODE = YES;
				CLANG_WARN__DUPLICATE_METHOD_MATCH = YES;
				"CODE_SIGN_IDENTITY[sdk=iphoneos*]" = "iPhone Developer";
				COPY_PHASE_STRIP = NO;
				ENABLE_STRICT_OBJC_MSGSEND = YES;
				GCC_C_LANGUAGE_STANDARD = gnu99;
				GCC_DYNAMIC_NO_PIC = NO;
				GCC_OPTIMIZATION_LEVEL = 0;
				GCC_PREPROCESSOR_DEFINITIONS = (
					"DEBUG=1",
					"$(inherited)",
				);
				GCC_SYMBOLS_PRIVATE_EXTERN = NO;
				GCC_WARN_64_TO_32_BIT_CONVERSION = YES;
				GCC_WARN_ABOUT_RETURN_TYPE = YES_ERROR;
				GCC_WARN_UNDECLARED_SELECTOR = YES;
				GCC_WARN_UNINITIALIZED_AUTOS = YES_AGGRESSIVE;
				GCC_WARN_UNUSED_FUNCTION = YES;
				GCC_WARN_UNUSED_VARIABLE = YES;
				IPHONEOS_DEPLOYMENT_TARGET = 8.1;
				MTL_ENABLE_DEBUG_INFO = YES;
				ONLY_ACTIVE_ARCH = YES;
				SDKROOT = iphoneos;
			};
			name = Debug;
		};
		D03389F31A89B210005DE18E /* Release */ = {
			isa = XCBuildConfiguration;
			buildSettings = {
				ALWAYS_SEARCH_USER_PATHS = NO;
				CLANG_CXX_LANGUAGE_STANDARD = "gnu++0x";
				CLANG_CXX_LIBRARY = "libc++";
				CLANG_ENABLE_MODULES = YES;
				CLANG_ENABLE_OBJC_ARC = YES;
				CLANG_WARN_BOOL_CONVERSION = YES;
				CLANG_WARN_CONSTANT_CONVERSION = YES;
				CLANG_WARN_DIRECT_OBJC_ISA_USAGE = YES_ERROR;
				CLANG_WARN_EMPTY_BODY = YES;
				CLANG_WARN_ENUM_CONVERSION = YES;
				CLANG_WARN_INT_CONVERSION = YES;
				CLANG_WARN_OBJC_ROOT_CLASS = YES_ERROR;
				CLANG_WARN_UNREACHABLE_CODE = YES;
				CLANG_WARN__DUPLICATE_METHOD_MATCH = YES;
				"CODE_SIGN_IDENTITY[sdk=iphoneos*]" = "iPhone Developer";
				COPY_PHASE_STRIP = YES;
				ENABLE_NS_ASSERTIONS = NO;
				ENABLE_STRICT_OBJC_MSGSEND = YES;
				GCC_C_LANGUAGE_STANDARD = gnu99;
				GCC_WARN_64_TO_32_BIT_CONVERSION = YES;
				GCC_WARN_ABOUT_RETURN_TYPE = YES_ERROR;
				GCC_WARN_UNDECLARED_SELECTOR = YES;
				GCC_WARN_UNINITIALIZED_AUTOS = YES_AGGRESSIVE;
				GCC_WARN_UNUSED_FUNCTION = YES;
				GCC_WARN_UNUSED_VARIABLE = YES;
				IPHONEOS_DEPLOYMENT_TARGET = 8.1;
				MTL_ENABLE_DEBUG_INFO = NO;
				SDKROOT = iphoneos;
				VALIDATE_PRODUCT = YES;
			};
			name = Release;
		};
		D03389F51A89B210005DE18E /* Debug */ = {
			isa = XCBuildConfiguration;
			buildSettings = {
				ASSETCATALOG_COMPILER_APPICON_NAME = AppIcon;
				ASSETCATALOG_COMPILER_LAUNCHIMAGE_NAME = LaunchImage;
				INFOPLIST_FILE = YSLContainerViewController/Info.plist;
				IPHONEOS_DEPLOYMENT_TARGET = 7.0;
				LD_RUNPATH_SEARCH_PATHS = "$(inherited) @executable_path/Frameworks";
				PRODUCT_NAME = "$(TARGET_NAME)";
			};
			name = Debug;
		};
		D03389F61A89B210005DE18E /* Release */ = {
			isa = XCBuildConfiguration;
			buildSettings = {
				ASSETCATALOG_COMPILER_APPICON_NAME = AppIcon;
				ASSETCATALOG_COMPILER_LAUNCHIMAGE_NAME = LaunchImage;
				INFOPLIST_FILE = YSLContainerViewController/Info.plist;
				IPHONEOS_DEPLOYMENT_TARGET = 7.0;
				LD_RUNPATH_SEARCH_PATHS = "$(inherited) @executable_path/Frameworks";
				PRODUCT_NAME = "$(TARGET_NAME)";
			};
			name = Release;
		};
		D03389F81A89B210005DE18E /* Debug */ = {
			isa = XCBuildConfiguration;
			buildSettings = {
				BUNDLE_LOADER = "$(TEST_HOST)";
				FRAMEWORK_SEARCH_PATHS = (
					"$(SDKROOT)/Developer/Library/Frameworks",
					"$(inherited)",
				);
				GCC_PREPROCESSOR_DEFINITIONS = (
					"DEBUG=1",
					"$(inherited)",
				);
				INFOPLIST_FILE = YSLContainerViewControllerTests/Info.plist;
				LD_RUNPATH_SEARCH_PATHS = "$(inherited) @executable_path/Frameworks @loader_path/Frameworks";
				PRODUCT_NAME = "$(TARGET_NAME)";
				TEST_HOST = "$(BUILT_PRODUCTS_DIR)/YSLContainerViewController.app/YSLContainerViewController";
			};
			name = Debug;
		};
		D03389F91A89B210005DE18E /* Release */ = {
			isa = XCBuildConfiguration;
			buildSettings = {
				BUNDLE_LOADER = "$(TEST_HOST)";
				FRAMEWORK_SEARCH_PATHS = (
					"$(SDKROOT)/Developer/Library/Frameworks",
					"$(inherited)",
				);
				INFOPLIST_FILE = YSLContainerViewControllerTests/Info.plist;
				LD_RUNPATH_SEARCH_PATHS = "$(inherited) @executable_path/Frameworks @loader_path/Frameworks";
				PRODUCT_NAME = "$(TARGET_NAME)";
				TEST_HOST = "$(BUILT_PRODUCTS_DIR)/YSLContainerViewController.app/YSLContainerViewController";
			};
			name = Release;
		};
/* End XCBuildConfiguration section */

/* Begin XCConfigurationList section */
		D03389C91A89B210005DE18E /* Build configuration list for PBXProject "YSLContainerViewController" */ = {
			isa = XCConfigurationList;
			buildConfigurations = (
				D03389F21A89B210005DE18E /* Debug */,
				D03389F31A89B210005DE18E /* Release */,
			);
			defaultConfigurationIsVisible = 0;
			defaultConfigurationName = Release;
		};
		D03389F41A89B210005DE18E /* Build configuration list for PBXNativeTarget "YSLContainerViewController" */ = {
			isa = XCConfigurationList;
			buildConfigurations = (
				D03389F51A89B210005DE18E /* Debug */,
				D03389F61A89B210005DE18E /* Release */,
			);
			defaultConfigurationIsVisible = 0;
			defaultConfigurationName = Release;
		};
		D03389F71A89B210005DE18E /* Build configuration list for PBXNativeTarget "YSLContainerViewControllerTests" */ = {
			isa = XCConfigurationList;
			buildConfigurations = (
				D03389F81A89B210005DE18E /* Debug */,
				D03389F91A89B210005DE18E /* Release */,
			);
			defaultConfigurationIsVisible = 0;
			defaultConfigurationName = Release;
		};
/* End XCConfigurationList section */

/* Begin XCVersionGroup section */
		D03389D81A89B210005DE18E /* YSLContainerViewController.xcdatamodeld */ = {
			isa = XCVersionGroup;
			children = (
				D03389D91A89B210005DE18E /* YSLContainerViewController.xcdatamodel */,
			);
			currentVersion = D03389D91A89B210005DE18E /* YSLContainerViewController.xcdatamodel */;
			path = YSLContainerViewController.xcdatamodeld;
			sourceTree = "<group>";
			versionGroupType = wrapper.xcdatamodel;
		};
/* End XCVersionGroup section */
	};
	rootObject = D03389C61A89B210005DE18E /* Project object */;
}
