// !$*UTF8*$!
{
	archiveVersion = 1;
	classes = {
	};
	objectVersion = 46;
	objects = {

/* Begin PBXBuildFile section */
		7474638AFB76B6EA4BA50C72 /* libPods.a in Frameworks */ = {isa = PBXBuildFile; fileRef = 6F30E86D2C64C7380FD9DF0A /* libPods.a */; };
		D098129D1AC165570085833D /* main.m in Sources */ = {isa = PBXBuildFile; fileRef = D098129C1AC165570085833D /* main.m */; };
		D09812A01AC165570085833D /* AppDelegate.m in Sources */ = {isa = PBXBuildFile; fileRef = D098129F1AC165570085833D /* AppDelegate.m */; };
		D09812A31AC165570085833D /* ViewController.m in Sources */ = {isa = PBXBuildFile; fileRef = D09812A21AC165570085833D /* ViewController.m */; };
		D09812A61AC165570085833D /* Main.storyboard in Resources */ = {isa = PBXBuildFile; fileRef = D09812A41AC165570085833D /* Main.storyboard */; };
		D09812A81AC165570085833D /* Images.xcassets in Resources */ = {isa = PBXBuildFile; fileRef = D09812A71AC165570085833D /* Images.xcassets */; };
		D09812AB1AC165570085833D /* LaunchScreen.xib in Resources */ = {isa = PBXBuildFile; fileRef = D09812A91AC165570085833D /* LaunchScreen.xib */; };
		D09812B71AC165570085833D /* YSLContainerViewControllerDemoTests.m in Sources */ = {isa = PBXBuildFile; fileRef = D09812B61AC165570085833D /* YSLContainerViewControllerDemoTests.m */; };
		D09812CB1AC26AEB0085833D /* PlayListTableViewController.m in Sources */ = {isa = PBXBuildFile; fileRef = D09812C91AC26AEB0085833D /* PlayListTableViewController.m */; };
		D09812CC1AC26AEB0085833D /* PlayListTableViewController.xib in Resources */ = {isa = PBXBuildFile; fileRef = D09812CA1AC26AEB0085833D /* PlayListTableViewController.xib */; };
		D09812D11AC27EE20085833D /* PlayListCell.m in Sources */ = {isa = PBXBuildFile; fileRef = D09812CF1AC27EE20085833D /* PlayListCell.m */; };
		D09812D21AC27EE20085833D /* PlayListCell.xib in Resources */ = {isa = PBXBuildFile; fileRef = D09812D01AC27EE20085833D /* PlayListCell.xib */; };
		D09812DC1AC283230085833D /* photo_sample_01.png in Resources */ = {isa = PBXBuildFile; fileRef = D09812D41AC283230085833D /* photo_sample_01.png */; };
		D09812DD1AC283230085833D /* photo_sample_02.png in Resources */ = {isa = PBXBuildFile; fileRef = D09812D51AC283230085833D /* photo_sample_02.png */; };
		D09812DE1AC283230085833D /* photo_sample_03.png in Resources */ = {isa = PBXBuildFile; fileRef = D09812D61AC283230085833D /* photo_sample_03.png */; };
		D09812DF1AC283230085833D /* photo_sample_04.png in Resources */ = {isa = PBXBuildFile; fileRef = D09812D71AC283230085833D /* photo_sample_04.png */; };
		D09812E01AC283230085833D /* photo_sample_05.png in Resources */ = {isa = PBXBuildFile; fileRef = D09812D81AC283230085833D /* photo_sample_05.png */; };
		D09812E11AC283230085833D /* photo_sample_06.png in Resources */ = {isa = PBXBuildFile; fileRef = D09812D91AC283230085833D /* photo_sample_06.png */; };
		D09812E21AC283230085833D /* photo_sample_07.png in Resources */ = {isa = PBXBuildFile; fileRef = D09812DA1AC283230085833D /* photo_sample_07.png */; };
		D09812E31AC283230085833D /* photo_sample_08.png in Resources */ = {isa = PBXBuildFile; fileRef = D09812DB1AC283230085833D /* photo_sample_08.png */; };
		D09812E71AC2849B0085833D /* ArtistsViewController.m in Sources */ = {isa = PBXBuildFile; fileRef = D09812E51AC2849B0085833D /* ArtistsViewController.m */; };
		D09812E81AC2849B0085833D /* ArtistsViewController.xib in Resources */ = {isa = PBXBuildFile; fileRef = D09812E61AC2849B0085833D /* ArtistsViewController.xib */; };
		D09812EC1AC285520085833D /* ArtistsCell.m in Sources */ = {isa = PBXBuildFile; fileRef = D09812EA1AC285520085833D /* ArtistsCell.m */; };
		D09812ED1AC285520085833D /* ArtistsCell.xib in Resources */ = {isa = PBXBuildFile; fileRef = D09812EB1AC285520085833D /* ArtistsCell.xib */; };
		D09812F11AC288440085833D /* SampleViewController.m in Sources */ = {isa = PBXBuildFile; fileRef = D09812EF1AC288440085833D /* SampleViewController.m */; };
		D09812F21AC288440085833D /* SampleViewController.xib in Resources */ = {isa = PBXBuildFile; fileRef = D09812F01AC288440085833D /* SampleViewController.xib */; };
		D09812F61AC2956F0085833D /* DetailViewController.m in Sources */ = {isa = PBXBuildFile; fileRef = D09812F41AC2956F0085833D /* DetailViewController.m */; };
		D09812F71AC2956F0085833D /* DetailViewController.xib in Resources */ = {isa = PBXBuildFile; fileRef = D09812F51AC2956F0085833D /* DetailViewController.xib */; };
		D0DD9FC21AFCB67E002CEBB6 /* YSLContainerViewController.m in Sources */ = {isa = PBXBuildFile; fileRef = D0DD9FBF1AFCB67E002CEBB6 /* YSLContainerViewController.m */; };
		D0DD9FC31AFCB67E002CEBB6 /* YSLScrollMenuView.m in Sources */ = {isa = PBXBuildFile; fileRef = D0DD9FC11AFCB67E002CEBB6 /* YSLScrollMenuView.m */; };
/* End PBXBuildFile section */

/* Begin PBXContainerItemProxy section */
		D09812B11AC165570085833D /* PBXContainerItemProxy */ = {
			isa = PBXContainerItemProxy;
			containerPortal = D098128F1AC165570085833D /* Project object */;
			proxyType = 1;
			remoteGlobalIDString = D09812961AC165570085833D;
			remoteInfo = YSLContainerViewControllerDemo;
		};
/* End PBXContainerItemProxy section */

/* Begin PBXFileReference section */
		605B3FC8EEF8B40D3D937634 /* Pods.debug.xcconfig */ = {isa = PBXFileReference; includeInIndex = 1; lastKnownFileType = text.xcconfig; name = Pods.debug.xcconfig; path = "Pods/Target Support Files/Pods/Pods.debug.xcconfig"; sourceTree = "<group>"; };
		6F30E86D2C64C7380FD9DF0A /* libPods.a */ = {isa = PBXFileReference; explicitFileType = archive.ar; includeInIndex = 0; path = libPods.a; sourceTree = BUILT_PRODUCTS_DIR; };
		D09812971AC165570085833D /* YSLContainerViewControllerDemo.app */ = {isa = PBXFileReference; explicitFileType = wrapper.application; includeInIndex = 0; path = YSLContainerViewControllerDemo.app; sourceTree = BUILT_PRODUCTS_DIR; };
		D098129B1AC165570085833D /* Info.plist */ = {isa = PBXFileReference; lastKnownFileType = text.plist.xml; path = Info.plist; sourceTree = "<group>"; };
		D098129C1AC165570085833D /* main.m */ = {isa = PBXFileReference; lastKnownFileType = sourcecode.c.objc; path = main.m; sourceTree = "<group>"; };
		D098129E1AC165570085833D /* AppDelegate.h */ = {isa = PBXFileReference; lastKnownFileType = sourcecode.c.h; path = AppDelegate.h; sourceTree = "<group>"; };
		D098129F1AC165570085833D /* AppDelegate.m */ = {isa = PBXFileReference; lastKnownFileType = sourcecode.c.objc; path = AppDelegate.m; sourceTree = "<group>"; };
		D09812A11AC165570085833D /* ViewController.h */ = {isa = PBXFileReference; lastKnownFileType = sourcecode.c.h; path = ViewController.h; sourceTree = "<group>"; };
		D09812A21AC165570085833D /* ViewController.m */ = {isa = PBXFileReference; lastKnownFileType = sourcecode.c.objc; path = ViewController.m; sourceTree = "<group>"; };
		D09812A51AC165570085833D /* Base */ = {isa = PBXFileReference; lastKnownFileType = file.storyboard; name = Base; path = Base.lproj/Main.storyboard; sourceTree = "<group>"; };
		D09812A71AC165570085833D /* Images.xcassets */ = {isa = PBXFileReference; lastKnownFileType = folder.assetcatalog; path = Images.xcassets; sourceTree = "<group>"; };
		D09812AA1AC165570085833D /* Base */ = {isa = PBXFileReference; lastKnownFileType = file.xib; name = Base; path = Base.lproj/LaunchScreen.xib; sourceTree = "<group>"; };
		D09812B01AC165570085833D /* YSLContainerViewControllerDemoTests.xctest */ = {isa = PBXFileReference; explicitFileType = wrapper.cfbundle; includeInIndex = 0; path = YSLContainerViewControllerDemoTests.xctest; sourceTree = BUILT_PRODUCTS_DIR; };
		D09812B51AC165570085833D /* Info.plist */ = {isa = PBXFileReference; lastKnownFileType = text.plist.xml; path = Info.plist; sourceTree = "<group>"; };
		D09812B61AC165570085833D /* YSLContainerViewControllerDemoTests.m */ = {isa = PBXFileReference; lastKnownFileType = sourcecode.c.objc; path = YSLContainerViewControllerDemoTests.m; sourceTree = "<group>"; };
		D09812C81AC26AEB0085833D /* PlayListTableViewController.h */ = {isa = PBXFileReference; fileEncoding = 4; lastKnownFileType = sourcecode.c.h; name = PlayListTableViewController.h; path = YSLContainerViewControllerDemo/PlayListTableViewController.h; sourceTree = SOURCE_ROOT; };
		D09812C91AC26AEB0085833D /* PlayListTableViewController.m */ = {isa = PBXFileReference; fileEncoding = 4; lastKnownFileType = sourcecode.c.objc; name = PlayListTableViewController.m; path = YSLContainerViewControllerDemo/PlayListTableViewController.m; sourceTree = SOURCE_ROOT; };
		D09812CA1AC26AEB0085833D /* PlayListTableViewController.xib */ = {isa = PBXFileReference; fileEncoding = 4; lastKnownFileType = file.xib; name = PlayListTableViewController.xib; path = YSLContainerViewControllerDemo/PlayListTableViewController.xib; sourceTree = SOURCE_ROOT; };
		D09812CE1AC27EE20085833D /* PlayListCell.h */ = {isa = PBXFileReference; fileEncoding = 4; lastKnownFileType = sourcecode.c.h; name = PlayListCell.h; path = YSLContainerViewControllerDemo/PlayListCell.h; sourceTree = SOURCE_ROOT; };
		D09812CF1AC27EE20085833D /* PlayListCell.m */ = {isa = PBXFileReference; fileEncoding = 4; lastKnownFileType = sourcecode.c.objc; name = PlayListCell.m; path = YSLContainerViewControllerDemo/PlayListCell.m; sourceTree = SOURCE_ROOT; };
		D09812D01AC27EE20085833D /* PlayListCell.xib */ = {isa = PBXFileReference; fileEncoding = 4; lastKnownFileType = file.xib; name = PlayListCell.xib; path = YSLContainerViewControllerDemo/PlayListCell.xib; sourceTree = SOURCE_ROOT; };
		D09812D41AC283230085833D /* photo_sample_01.png */ = {isa = PBXFileReference; lastKnownFileType = image.png; path = photo_sample_01.png; sourceTree = "<group>"; };
		D09812D51AC283230085833D /* photo_sample_02.png */ = {isa = PBXFileReference; lastKnownFileType = image.png; path = photo_sample_02.png; sourceTree = "<group>"; };
		D09812D61AC283230085833D /* photo_sample_03.png */ = {isa = PBXFileReference; lastKnownFileType = image.png; path = photo_sample_03.png; sourceTree = "<group>"; };
		D09812D71AC283230085833D /* photo_sample_04.png */ = {isa = PBXFileReference; lastKnownFileType = image.png; path = photo_sample_04.png; sourceTree = "<group>"; };
		D09812D81AC283230085833D /* photo_sample_05.png */ = {isa = PBXFileReference; lastKnownFileType = image.png; path = photo_sample_05.png; sourceTree = "<group>"; };
		D09812D91AC283230085833D /* photo_sample_06.png */ = {isa = PBXFileReference; lastKnownFileType = image.png; path = photo_sample_06.png; sourceTree = "<group>"; };
		D09812DA1AC283230085833D /* photo_sample_07.png */ = {isa = PBXFileReference; lastKnownFileType = image.png; path = photo_sample_07.png; sourceTree = "<group>"; };
		D09812DB1AC283230085833D /* photo_sample_08.png */ = {isa = PBXFileReference; lastKnownFileType = image.png; path = photo_sample_08.png; sourceTree = "<group>"; };
		D09812E41AC2849B0085833D /* ArtistsViewController.h */ = {isa = PBXFileReference; fileEncoding = 4; lastKnownFileType = sourcecode.c.h; name = ArtistsViewController.h; path = YSLContainerViewControllerDemo/ArtistsViewController.h; sourceTree = SOURCE_ROOT; };
		D09812E51AC2849B0085833D /* ArtistsViewController.m */ = {isa = PBXFileReference; fileEncoding = 4; lastKnownFileType = sourcecode.c.objc; name = ArtistsViewController.m; path = YSLContainerViewControllerDemo/ArtistsViewController.m; sourceTree = SOURCE_ROOT; };
		D09812E61AC2849B0085833D /* ArtistsViewController.xib */ = {isa = PBXFileReference; fileEncoding = 4; lastKnownFileType = file.xib; name = ArtistsViewController.xib; path = YSLContainerViewControllerDemo/ArtistsViewController.xib; sourceTree = SOURCE_ROOT; };
		D09812E91AC285520085833D /* ArtistsCell.h */ = {isa = PBXFileReference; fileEncoding = 4; lastKnownFileType = sourcecode.c.h; name = ArtistsCell.h; path = YSLContainerViewControllerDemo/ArtistsCell.h; sourceTree = SOURCE_ROOT; };
		D09812EA1AC285520085833D /* ArtistsCell.m */ = {isa = PBXFileReference; fileEncoding = 4; lastKnownFileType = sourcecode.c.objc; name = ArtistsCell.m; path = YSLContainerViewControllerDemo/ArtistsCell.m; sourceTree = SOURCE_ROOT; };
		D09812EB1AC285520085833D /* ArtistsCell.xib */ = {isa = PBXFileReference; fileEncoding = 4; lastKnownFileType = file.xib; name = ArtistsCell.xib; path = YSLContainerViewControllerDemo/ArtistsCell.xib; sourceTree = SOURCE_ROOT; };
		D09812EE1AC288440085833D /* SampleViewController.h */ = {isa = PBXFileReference; fileEncoding = 4; lastKnownFileType = sourcecode.c.h; name = SampleViewController.h; path = YSLContainerViewControllerDemo/SampleViewController.h; sourceTree = SOURCE_ROOT; };
		D09812EF1AC288440085833D /* SampleViewController.m */ = {isa = PBXFileReference; fileEncoding = 4; lastKnownFileType = sourcecode.c.objc; name = SampleViewController.m; path = YSLContainerViewControllerDemo/SampleViewController.m; sourceTree = SOURCE_ROOT; };
		D09812F01AC288440085833D /* SampleViewController.xib */ = {isa = PBXFileReference; fileEncoding = 4; lastKnownFileType = file.xib; name = SampleViewController.xib; path = YSLContainerViewControllerDemo/SampleViewController.xib; sourceTree = SOURCE_ROOT; };
		D09812F31AC2956F0085833D /* DetailViewController.h */ = {isa = PBXFileReference; fileEncoding = 4; lastKnownFileType = sourcecode.c.h; name = DetailViewController.h; path = YSLContainerViewControllerDemo/DetailViewController.h; sourceTree = SOURCE_ROOT; };
		D09812F41AC2956F0085833D /* DetailViewController.m */ = {isa = PBXFileReference; fileEncoding = 4; lastKnownFileType = sourcecode.c.objc; name = DetailViewController.m; path = YSLContainerViewControllerDemo/DetailViewController.m; sourceTree = SOURCE_ROOT; };
		D09812F51AC2956F0085833D /* DetailViewController.xib */ = {isa = PBXFileReference; fileEncoding = 4; lastKnownFileType = file.xib; name = DetailViewController.xib; path = YSLContainerViewControllerDemo/DetailViewController.xib; sourceTree = SOURCE_ROOT; };
		D0DD9FBE1AFCB67E002CEBB6 /* YSLContainerViewController.h */ = {isa = PBXFileReference; fileEncoding = 4; lastKnownFileType = sourcecode.c.h; path = YSLContainerViewController.h; sourceTree = "<group>"; };
		D0DD9FBF1AFCB67E002CEBB6 /* YSLContainerViewController.m */ = {isa = PBXFileReference; fileEncoding = 4; lastKnownFileType = sourcecode.c.objc; path = YSLContainerViewController.m; sourceTree = "<group>"; };
		D0DD9FC01AFCB67E002CEBB6 /* YSLScrollMenuView.h */ = {isa = PBXFileReference; fileEncoding = 4; lastKnownFileType = sourcecode.c.h; path = YSLScrollMenuView.h; sourceTree = "<group>"; };
		D0DD9FC11AFCB67E002CEBB6 /* YSLScrollMenuView.m */ = {isa = PBXFileReference; fileEncoding = 4; lastKnownFileType = sourcecode.c.objc; path = YSLScrollMenuView.m; sourceTree = "<group>"; };
		D6CE4925CC9E4E7B41C45DFC /* Pods.release.xcconfig */ = {isa = PBXFileReference; includeInIndex = 1; lastKnownFileType = text.xcconfig; name = Pods.release.xcconfig; path = "Pods/Target Support Files/Pods/Pods.release.xcconfig"; sourceTree = "<group>"; };
/* End PBXFileReference section */

/* Begin PBXFrameworksBuildPhase section */
		D09812941AC165570085833D /* Frameworks */ = {
			isa = PBXFrameworksBuildPhase;
			buildActionMask = 2147483647;
			files = (
				7474638AFB76B6EA4BA50C72 /* libPods.a in Frameworks */,
			);
			runOnlyForDeploymentPostprocessing = 0;
		};
		D09812AD1AC165570085833D /* Frameworks */ = {
			isa = PBXFrameworksBuildPhase;
			buildActionMask = 2147483647;
			files = (
			);
			runOnlyForDeploymentPostprocessing = 0;
		};
/* End PBXFrameworksBuildPhase section */

/* Begin PBXGroup section */
		949164FA4221D7FCC9041612 /* Pods */ = {
			isa = PBXGroup;
			children = (
				605B3FC8EEF8B40D3D937634 /* Pods.debug.xcconfig */,
				D6CE4925CC9E4E7B41C45DFC /* Pods.release.xcconfig */,
			);
			name = Pods;
			sourceTree = "<group>";
		};
		BB49C82408E18EF74A5257CA /* Frameworks */ = {
			isa = PBXGroup;
			children = (
				6F30E86D2C64C7380FD9DF0A /* libPods.a */,
			);
			name = Frameworks;
			sourceTree = "<group>";
		};
		D098128E1AC165570085833D = {
			isa = PBXGroup;
			children = (
				D09812991AC165570085833D /* YSLContainerViewControllerDemo */,
				D09812B31AC165570085833D /* YSLContainerViewControllerDemoTests */,
				D09812981AC165570085833D /* Products */,
				949164FA4221D7FCC9041612 /* Pods */,
				BB49C82408E18EF74A5257CA /* Frameworks */,
			);
			sourceTree = "<group>";
		};
		D09812981AC165570085833D /* Products */ = {
			isa = PBXGroup;
			children = (
				D09812971AC165570085833D /* YSLContainerViewControllerDemo.app */,
				D09812B01AC165570085833D /* YSLContainerViewControllerDemoTests.xctest */,
			);
			name = Products;
			sourceTree = "<group>";
		};
		D09812991AC165570085833D /* YSLContainerViewControllerDemo */ = {
			isa = PBXGroup;
			children = (
				D0DD9FBD1AFCB67E002CEBB6 /* YSLContainerViewController */,
				D09812D31AC283230085833D /* Resources */,
				D09812C71AC26A990085833D /* ViewControllers */,
				D09812CD1AC27EB70085833D /* cells */,
				D098129E1AC165570085833D /* AppDelegate.h */,
				D098129F1AC165570085833D /* AppDelegate.m */,
				D09812A11AC165570085833D /* ViewController.h */,
				D09812A21AC165570085833D /* ViewController.m */,
				D09812A41AC165570085833D /* Main.storyboard */,
				D09812A71AC165570085833D /* Images.xcassets */,
				D09812A91AC165570085833D /* LaunchScreen.xib */,
				D098129A1AC165570085833D /* Supporting Files */,
			);
			path = YSLContainerViewControllerDemo;
			sourceTree = "<group>";
		};
		D098129A1AC165570085833D /* Supporting Files */ = {
			isa = PBXGroup;
			children = (
				D098129B1AC165570085833D /* Info.plist */,
				D098129C1AC165570085833D /* main.m */,
			);
			name = "Supporting Files";
			sourceTree = "<group>";
		};
		D09812B31AC165570085833D /* YSLContainerViewControllerDemoTests */ = {
			isa = PBXGroup;
			children = (
				D09812B61AC165570085833D /* YSLContainerViewControllerDemoTests.m */,
				D09812B41AC165570085833D /* Supporting Files */,
			);
			path = YSLContainerViewControllerDemoTests;
			sourceTree = "<group>";
		};
		D09812B41AC165570085833D /* Supporting Files */ = {
			isa = PBXGroup;
			children = (
				D09812B51AC165570085833D /* Info.plist */,
			);
			name = "Supporting Files";
			sourceTree = "<group>";
		};
		D09812C71AC26A990085833D /* ViewControllers */ = {
			isa = PBXGroup;
			children = (
				D09812C81AC26AEB0085833D /* PlayListTableViewController.h */,
				D09812C91AC26AEB0085833D /* PlayListTableViewController.m */,
				D09812CA1AC26AEB0085833D /* PlayListTableViewController.xib */,
				D09812E41AC2849B0085833D /* ArtistsViewController.h */,
				D09812E51AC2849B0085833D /* ArtistsViewController.m */,
				D09812E61AC2849B0085833D /* ArtistsViewController.xib */,
				D09812EE1AC288440085833D /* SampleViewController.h */,
				D09812EF1AC288440085833D /* SampleViewController.m */,
				D09812F01AC288440085833D /* SampleViewController.xib */,
				D09812F31AC2956F0085833D /* DetailViewController.h */,
				D09812F41AC2956F0085833D /* DetailViewController.m */,
				D09812F51AC2956F0085833D /* DetailViewController.xib */,
			);
			name = ViewControllers;
			path = YSLContainerViewController;
			sourceTree = "<group>";
		};
		D09812CD1AC27EB70085833D /* cells */ = {
			isa = PBXGroup;
			children = (
				D09812CE1AC27EE20085833D /* PlayListCell.h */,
				D09812CF1AC27EE20085833D /* PlayListCell.m */,
				D09812D01AC27EE20085833D /* PlayListCell.xib */,
				D09812E91AC285520085833D /* ArtistsCell.h */,
				D09812EA1AC285520085833D /* ArtistsCell.m */,
				D09812EB1AC285520085833D /* ArtistsCell.xib */,
			);
			name = cells;
			path = YSLContainerViewController;
			sourceTree = "<group>";
		};
		D09812D31AC283230085833D /* Resources */ = {
			isa = PBXGroup;
			children = (
				D09812D41AC283230085833D /* photo_sample_01.png */,
				D09812D51AC283230085833D /* photo_sample_02.png */,
				D09812D61AC283230085833D /* photo_sample_03.png */,
				D09812D71AC283230085833D /* photo_sample_04.png */,
				D09812D81AC283230085833D /* photo_sample_05.png */,
				D09812D91AC283230085833D /* photo_sample_06.png */,
				D09812DA1AC283230085833D /* photo_sample_07.png */,
				D09812DB1AC283230085833D /* photo_sample_08.png */,
			);
			path = Resources;
			sourceTree = "<group>";
		};
		D0DD9FBD1AFCB67E002CEBB6 /* YSLContainerViewController */ = {
			isa = PBXGroup;
			children = (
				D0DD9FBE1AFCB67E002CEBB6 /* YSLContainerViewController.h */,
				D0DD9FBF1AFCB67E002CEBB6 /* YSLContainerViewController.m */,
				D0DD9FC01AFCB67E002CEBB6 /* YSLScrollMenuView.h */,
				D0DD9FC11AFCB67E002CEBB6 /* YSLScrollMenuView.m */,
			);
			path = YSLContainerViewController;
			sourceTree = SOURCE_ROOT;
		};
/* End PBXGroup section */

/* Begin PBXNativeTarget section */
		D09812961AC165570085833D /* YSLContainerViewControllerDemo */ = {
			isa = PBXNativeTarget;
			buildConfigurationList = D09812BA1AC165570085833D /* Build configuration list for PBXNativeTarget "YSLContainerViewControllerDemo" */;
			buildPhases = (
				4EB9FAECD43D48762AA0F601 /* Check Pods Manifest.lock */,
				D09812931AC165570085833D /* Sources */,
				D09812941AC165570085833D /* Frameworks */,
				D09812951AC165570085833D /* Resources */,
				ECCD8D8874D5CA96B486405C /* Copy Pods Resources */,
			);
			buildRules = (
			);
			dependencies = (
			);
			name = YSLContainerViewControllerDemo;
			productName = YSLContainerViewControllerDemo;
			productReference = D09812971AC165570085833D /* YSLContainerViewControllerDemo.app */;
			productType = "com.apple.product-type.application";
		};
		D09812AF1AC165570085833D /* YSLContainerViewControllerDemoTests */ = {
			isa = PBXNativeTarget;
			buildConfigurationList = D09812BD1AC165570085833D /* Build configuration list for PBXNativeTarget "YSLContainerViewControllerDemoTests" */;
			buildPhases = (
				D09812AC1AC165570085833D /* Sources */,
				D09812AD1AC165570085833D /* Frameworks */,
				D09812AE1AC165570085833D /* Resources */,
			);
			buildRules = (
			);
			dependencies = (
				D09812B21AC165570085833D /* PBXTargetDependency */,
			);
			name = YSLContainerViewControllerDemoTests;
			productName = YSLContainerViewControllerDemoTests;
			productReference = D09812B01AC165570085833D /* YSLContainerViewControllerDemoTests.xctest */;
			productType = "com.apple.product-type.bundle.unit-test";
		};
/* End PBXNativeTarget section */

/* Begin PBXProject section */
		D098128F1AC165570085833D /* Project object */ = {
			isa = PBXProject;
			attributes = {
				LastUpgradeCheck = 0620;
				ORGANIZATIONNAME = h.yamaguchi;
				TargetAttributes = {
					D09812961AC165570085833D = {
						CreatedOnToolsVersion = 6.2;
					};
					D09812AF1AC165570085833D = {
						CreatedOnToolsVersion = 6.2;
						TestTargetID = D09812961AC165570085833D;
					};
				};
			};
			buildConfigurationList = D09812921AC165570085833D /* Build configuration list for PBXProject "YSLContainerViewControllerDemo" */;
			compatibilityVersion = "Xcode 3.2";
			developmentRegion = English;
			hasScannedForEncodings = 0;
			knownRegions = (
				en,
				Base,
			);
			mainGroup = D098128E1AC165570085833D;
			productRefGroup = D09812981AC165570085833D /* Products */;
			projectDirPath = "";
			projectRoot = "";
			targets = (
				D09812961AC165570085833D /* YSLContainerViewControllerDemo */,
				D09812AF1AC165570085833D /* YSLContainerViewControllerDemoTests */,
			);
		};
/* End PBXProject section */

/* Begin PBXResourcesBuildPhase section */
		D09812951AC165570085833D /* Resources */ = {
			isa = PBXResourcesBuildPhase;
			buildActionMask = 2147483647;
			files = (
				D09812D21AC27EE20085833D /* PlayListCell.xib in Resources */,
				D09812A61AC165570085833D /* Main.storyboard in Resources */,
				D09812F71AC2956F0085833D /* DetailViewController.xib in Resources */,
				D09812DD1AC283230085833D /* photo_sample_02.png in Resources */,
				D09812E31AC283230085833D /* photo_sample_08.png in Resources */,
				D09812E11AC283230085833D /* photo_sample_06.png in Resources */,
				D09812E01AC283230085833D /* photo_sample_05.png in Resources */,
				D09812DE1AC283230085833D /* photo_sample_03.png in Resources */,
				D09812CC1AC26AEB0085833D /* PlayListTableViewController.xib in Resources */,
				D09812AB1AC165570085833D /* LaunchScreen.xib in Resources */,
				D09812A81AC165570085833D /* Images.xcassets in Resources */,
				D09812F21AC288440085833D /* SampleViewController.xib in Resources */,
				D09812DC1AC283230085833D /* photo_sample_01.png in Resources */,
				D09812E81AC2849B0085833D /* ArtistsViewController.xib in Resources */,
				D09812DF1AC283230085833D /* photo_sample_04.png in Resources */,
				D09812E21AC283230085833D /* photo_sample_07.png in Resources */,
				D09812ED1AC285520085833D /* ArtistsCell.xib in Resources */,
			);
			runOnlyForDeploymentPostprocessing = 0;
		};
		D09812AE1AC165570085833D /* Resources */ = {
			isa = PBXResourcesBuildPhase;
			buildActionMask = 2147483647;
			files = (
			);
			runOnlyForDeploymentPostprocessing = 0;
		};
/* End PBXResourcesBuildPhase section */

/* Begin PBXShellScriptBuildPhase section */
		4EB9FAECD43D48762AA0F601 /* Check Pods Manifest.lock */ = {
			isa = PBXShellScriptBuildPhase;
			buildActionMask = 2147483647;
			files = (
			);
			inputPaths = (
			);
			name = "Check Pods Manifest.lock";
			outputPaths = (
			);
			runOnlyForDeploymentPostprocessing = 0;
			shellPath = /bin/sh;
			shellScript = "diff \"${PODS_ROOT}/../Podfile.lock\" \"${PODS_ROOT}/Manifest.lock\" > /dev/null\nif [[ $? != 0 ]] ; then\n    cat << EOM\nerror: The sandbox is not in sync with the Podfile.lock. Run 'pod install' or update your CocoaPods installation.\nEOM\n    exit 1\nfi\n";
			showEnvVarsInLog = 0;
		};
		ECCD8D8874D5CA96B486405C /* Copy Pods Resources */ = {
			isa = PBXShellScriptBuildPhase;
			buildActionMask = 2147483647;
			files = (
			);
			inputPaths = (
			);
			name = "Copy Pods Resources";
			outputPaths = (
			);
			runOnlyForDeploymentPostprocessing = 0;
			shellPath = /bin/sh;
			shellScript = "\"${SRCROOT}/Pods/Target Support Files/Pods/Pods-resources.sh\"\n";
			showEnvVarsInLog = 0;
		};
/* End PBXShellScriptBuildPhase section */

/* Begin PBXSourcesBuildPhase section */
		D09812931AC165570085833D /* Sources */ = {
			isa = PBXSourcesBuildPhase;
			buildActionMask = 2147483647;
			files = (
				D09812F11AC288440085833D /* SampleViewController.m in Sources */,
				D09812A31AC165570085833D /* ViewController.m in Sources */,
				D09812A01AC165570085833D /* AppDelegate.m in Sources */,
				D09812E71AC2849B0085833D /* ArtistsViewController.m in Sources */,
				D098129D1AC165570085833D /* main.m in Sources */,
				D09812EC1AC285520085833D /* ArtistsCell.m in Sources */,
				D09812F61AC2956F0085833D /* DetailViewController.m in Sources */,
				D09812D11AC27EE20085833D /* PlayListCell.m in Sources */,
				D0DD9FC31AFCB67E002CEBB6 /* YSLScrollMenuView.m in Sources */,
				D09812CB1AC26AEB0085833D /* PlayListTableViewController.m in Sources */,
				D0DD9FC21AFCB67E002CEBB6 /* YSLContainerViewController.m in Sources */,
			);
			runOnlyForDeploymentPostprocessing = 0;
		};
		D09812AC1AC165570085833D /* Sources */ = {
			isa = PBXSourcesBuildPhase;
			buildActionMask = 2147483647;
			files = (
				D09812B71AC165570085833D /* YSLContainerViewControllerDemoTests.m in Sources */,
			);
			runOnlyForDeploymentPostprocessing = 0;
		};
/* End PBXSourcesBuildPhase section */

/* Begin PBXTargetDependency section */
		D09812B21AC165570085833D /* PBXTargetDependency */ = {
			isa = PBXTargetDependency;
			target = D09812961AC165570085833D /* YSLContainerViewControllerDemo */;
			targetProxy = D09812B11AC165570085833D /* PBXContainerItemProxy */;
		};
/* End PBXTargetDependency section */

/* Begin PBXVariantGroup section */
		D09812A41AC165570085833D /* Main.storyboard */ = {
			isa = PBXVariantGroup;
			children = (
				D09812A51AC165570085833D /* Base */,
			);
			name = Main.storyboard;
			sourceTree = "<group>";
		};
		D09812A91AC165570085833D /* LaunchScreen.xib */ = {
			isa = PBXVariantGroup;
			children = (
				D09812AA1AC165570085833D /* Base */,
			);
			name = LaunchScreen.xib;
			sourceTree = "<group>";
		};
/* End PBXVariantGroup section */

/* Begin XCBuildConfiguration section */
		D09812B81AC165570085833D /* Debug */ = {
			isa = XCBuildConfiguration;
			buildSettings = {
				ALWAYS_SEARCH_USER_PATHS = NO;
				CLANG_CXX_LANGUAGE_STANDARD = "gnu++0x";
				CLANG_CXX_LIBRARY = "libc++";
				CLANG_ENABLE_MODULES = YES;
				CLANG_ENABLE_OBJC_ARC = YES;
				CLANG_WARN_BOOL_CONVERSION = YES;
				CLANG_WARN_CONSTANT_CONVERSION = YES;
				CLANG_WARN_DIRECT_OBJC_ISA_USAGE = YES_ERROR;
				CLANG_WARN_EMPTY_BODY = YES;
				CLANG_WARN_ENUM_CONVERSION = YES;
				CLANG_WARN_INT_CONVERSION = YES;
				CLANG_WARN_OBJC_ROOT_CLASS = YES_ERROR;
				CLANG_WARN_UNREACHABLE_CODE = YES;
				CLANG_WARN__DUPLICATE_METHOD_MATCH = YES;
				"CODE_SIGN_IDENTITY[sdk=iphoneos*]" = "iPhone Developer";
				COPY_PHASE_STRIP = NO;
				ENABLE_STRICT_OBJC_MSGSEND = YES;
				GCC_C_LANGUAGE_STANDARD = gnu99;
				GCC_DYNAMIC_NO_PIC = NO;
				GCC_OPTIMIZATION_LEVEL = 0;
				GCC_PREPROCESSOR_DEFINITIONS = (
					"DEBUG=1",
					"$(inherited)",
				);
				GCC_SYMBOLS_PRIVATE_EXTERN = NO;
				GCC_WARN_64_TO_32_BIT_CONVERSION = YES;
				GCC_WARN_ABOUT_RETURN_TYPE = YES_ERROR;
				GCC_WARN_UNDECLARED_SELECTOR = YES;
				GCC_WARN_UNINITIALIZED_AUTOS = YES_AGGRESSIVE;
				GCC_WARN_UNUSED_FUNCTION = YES;
				GCC_WARN_UNUSED_VARIABLE = YES;
				IPHONEOS_DEPLOYMENT_TARGET = 8.2;
				MTL_ENABLE_DEBUG_INFO = YES;
				ONLY_ACTIVE_ARCH = YES;
				SDKROOT = iphoneos;
			};
			name = Debug;
		};
		D09812B91AC165570085833D /* Release */ = {
			isa = XCBuildConfiguration;
			buildSettings = {
				ALWAYS_SEARCH_USER_PATHS = NO;
				CLANG_CXX_LANGUAGE_STANDARD = "gnu++0x";
				CLANG_CXX_LIBRARY = "libc++";
				CLANG_ENABLE_MODULES = YES;
				CLANG_ENABLE_OBJC_ARC = YES;
				CLANG_WARN_BOOL_CONVERSION = YES;
				CLANG_WARN_CONSTANT_CONVERSION = YES;
				CLANG_WARN_DIRECT_OBJC_ISA_USAGE = YES_ERROR;
				CLANG_WARN_EMPTY_BODY = YES;
				CLANG_WARN_ENUM_CONVERSION = YES;
				CLANG_WARN_INT_CONVERSION = YES;
				CLANG_WARN_OBJC_ROOT_CLASS = YES_ERROR;
				CLANG_WARN_UNREACHABLE_CODE = YES;
				CLANG_WARN__DUPLICATE_METHOD_MATCH = YES;
				"CODE_SIGN_IDENTITY[sdk=iphoneos*]" = "iPhone Developer";
				COPY_PHASE_STRIP = NO;
				ENABLE_NS_ASSERTIONS = NO;
				ENABLE_STRICT_OBJC_MSGSEND = YES;
				GCC_C_LANGUAGE_STANDARD = gnu99;
				GCC_WARN_64_TO_32_BIT_CONVERSION = YES;
				GCC_WARN_ABOUT_RETURN_TYPE = YES_ERROR;
				GCC_WARN_UNDECLARED_SELECTOR = YES;
				GCC_WARN_UNINITIALIZED_AUTOS = YES_AGGRESSIVE;
				GCC_WARN_UNUSED_FUNCTION = YES;
				GCC_WARN_UNUSED_VARIABLE = YES;
				IPHONEOS_DEPLOYMENT_TARGET = 8.2;
				MTL_ENABLE_DEBUG_INFO = NO;
				SDKROOT = iphoneos;
				VALIDATE_PRODUCT = YES;
			};
			name = Release;
		};
		D09812BB1AC165570085833D /* Debug */ = {
			isa = XCBuildConfiguration;
			baseConfigurationReference = 605B3FC8EEF8B40D3D937634 /* Pods.debug.xcconfig */;
			buildSettings = {
				ASSETCATALOG_COMPILER_APPICON_NAME = AppIcon;
				INFOPLIST_FILE = YSLContainerViewControllerDemo/Info.plist;
				IPHONEOS_DEPLOYMENT_TARGET = 8.2;
				LD_RUNPATH_SEARCH_PATHS = "$(inherited) @executable_path/Frameworks";
				PRODUCT_NAME = "$(TARGET_NAME)";
			};
			name = Debug;
		};
		D09812BC1AC165570085833D /* Release */ = {
			isa = XCBuildConfiguration;
			baseConfigurationReference = D6CE4925CC9E4E7B41C45DFC /* Pods.release.xcconfig */;
			buildSettings = {
				ASSETCATALOG_COMPILER_APPICON_NAME = AppIcon;
				INFOPLIST_FILE = YSLContainerViewControllerDemo/Info.plist;
				IPHONEOS_DEPLOYMENT_TARGET = 8.2;
				LD_RUNPATH_SEARCH_PATHS = "$(inherited) @executable_path/Frameworks";
				PRODUCT_NAME = "$(TARGET_NAME)";
			};
			name = Release;
		};
		D09812BE1AC165570085833D /* Debug */ = {
			isa = XCBuildConfiguration;
			buildSettings = {
				BUNDLE_LOADER = "$(TEST_HOST)";
				FRAMEWORK_SEARCH_PATHS = (
					"$(SDKROOT)/Developer/Library/Frameworks",
					"$(inherited)",
				);
				GCC_PREPROCESSOR_DEFINITIONS = (
					"DEBUG=1",
					"$(inherited)",
				);
				INFOPLIST_FILE = YSLContainerViewControllerDemoTests/Info.plist;
				LD_RUNPATH_SEARCH_PATHS = "$(inherited) @executable_path/Frameworks @loader_path/Frameworks";
				PRODUCT_NAME = "$(TARGET_NAME)";
				TEST_HOST = "$(BUILT_PRODUCTS_DIR)/YSLContainerViewControllerDemo.app/YSLContainerViewControllerDemo";
			};
			name = Debug;
		};
		D09812BF1AC165570085833D /* Release */ = {
			isa = XCBuildConfiguration;
			buildSettings = {
				BUNDLE_LOADER = "$(TEST_HOST)";
				FRAMEWORK_SEARCH_PATHS = (
					"$(SDKROOT)/Developer/Library/Frameworks",
					"$(inherited)",
				);
				INFOPLIST_FILE = YSLContainerViewControllerDemoTests/Info.plist;
				LD_RUNPATH_SEARCH_PATHS = "$(inherited) @executable_path/Frameworks @loader_path/Frameworks";
				PRODUCT_NAME = "$(TARGET_NAME)";
				TEST_HOST = "$(BUILT_PRODUCTS_DIR)/YSLContainerViewControllerDemo.app/YSLContainerViewControllerDemo";
			};
			name = Release;
		};
/* End XCBuildConfiguration section */

/* Begin XCConfigurationList section */
		D09812921AC165570085833D /* Build configuration list for PBXProject "YSLContainerViewControllerDemo" */ = {
			isa = XCConfigurationList;
			buildConfigurations = (
				D09812B81AC165570085833D /* Debug */,
				D09812B91AC165570085833D /* Release */,
			);
			defaultConfigurationIsVisible = 0;
			defaultConfigurationName = Release;
		};
		D09812BA1AC165570085833D /* Build configuration list for PBXNativeTarget "YSLContainerViewControllerDemo" */ = {
			isa = XCConfigurationList;
			buildConfigurations = (
				D09812BB1AC165570085833D /* Debug */,
				D09812BC1AC165570085833D /* Release */,
			);
			defaultConfigurationIsVisible = 0;
			defaultConfigurationName = Release;
		};
		D09812BD1AC165570085833D /* Build configuration list for PBXNativeTarget "YSLContainerViewControllerDemoTests" */ = {
			isa = XCConfigurationList;
			buildConfigurations = (
				D09812BE1AC165570085833D /* Debug */,
				D09812BF1AC165570085833D /* Release */,
			);
			defaultConfigurationIsVisible = 0;
			defaultConfigurationName = Release;
		};
/* End XCConfigurationList section */
	};
	rootObject = D098128F1AC165570085833D /* Project object */;
}
